// !$*UTF8*$!
{
	archiveVersion = 1;
	classes = {
	};
	objectVersion = 55;
	objects = {

/* Begin PBXBuildFile section */
		541A3EAB2894432000DB1296 /* GuillermoCardApp.swift in Sources */ = {isa = PBXBuildFile; fileRef = 541A3EAA2894432000DB1296 /* GuillermoCardApp.swift */; };
		541A3EAD2894432000DB1296 /* ContentView.swift in Sources */ = {isa = PBXBuildFile; fileRef = 541A3EAC2894432000DB1296 /* ContentView.swift */; };
		541A3EAF2894432100DB1296 /* Assets.xcassets in Resources */ = {isa = PBXBuildFile; fileRef = 541A3EAE2894432100DB1296 /* Assets.xcassets */; };
		541A3EB22894432100DB1296 /* Preview Assets.xcassets in Resources */ = {isa = PBXBuildFile; fileRef = 541A3EB12894432100DB1296 /* Preview Assets.xcassets */; };
		541A3EBB28944A6200DB1296 /* OFL.txt in Resources */ = {isa = PBXBuildFile; fileRef = 541A3EB928944A6200DB1296 /* OFL.txt */; };
		541A3EBC28944A6200DB1296 /* Pacifico-Regular.ttf in Resources */ = {isa = PBXBuildFile; fileRef = 541A3EBA28944A6200DB1296 /* Pacifico-Regular.ttf */; };
		541A3EBF2894529000DB1296 /* FontsManager.swift in Sources */ = {isa = PBXBuildFile; fileRef = 541A3EBE2894529000DB1296 /* FontsManager.swift */; };
		541A3EC52894774600DB1296 /* infoView.swift in Sources */ = {isa = PBXBuildFile; fileRef = 541A3EC42894774600DB1296 /* infoView.swift */; };
/* End PBXBuildFile section */

/* Begin PBXFileReference section */
		541A3EA72894432000DB1296 /* GuillermoCard.app */ = {isa = PBXFileReference; explicitFileType = wrapper.application; includeInIndex = 0; path = GuillermoCard.app; sourceTree = BUILT_PRODUCTS_DIR; };
		541A3EAA2894432000DB1296 /* GuillermoCardApp.swift */ = {isa = PBXFileReference; lastKnownFileType = sourcecode.swift; path = GuillermoCardApp.swift; sourceTree = "<group>"; };
		541A3EAC2894432000DB1296 /* ContentView.swift */ = {isa = PBXFileReference; lastKnownFileType = sourcecode.swift; path = ContentView.swift; sourceTree = "<group>"; };
		541A3EAE2894432100DB1296 /* Assets.xcassets */ = {isa = PBXFileReference; lastKnownFileType = folder.assetcatalog; path = Assets.xcassets; sourceTree = "<group>"; };
		541A3EB12894432100DB1296 /* Preview Assets.xcassets */ = {isa = PBXFileReference; lastKnownFileType = folder.assetcatalog; path = "Preview Assets.xcassets"; sourceTree = "<group>"; };
		541A3EB928944A6200DB1296 /* OFL.txt */ = {isa = PBXFileReference; fileEncoding = 4; lastKnownFileType = text; path = OFL.txt; sourceTree = "<group>"; };
		541A3EBA28944A6200DB1296 /* Pacifico-Regular.ttf */ = {isa = PBXFileReference; lastKnownFileType = file; path = "Pacifico-Regular.ttf"; sourceTree = "<group>"; };
		541A3EBD289450FE00DB1296 /* Info.plist */ = {isa = PBXFileReference; lastKnownFileType = text.plist; path = Info.plist; sourceTree = "<group>"; };
		541A3EBE2894529000DB1296 /* FontsManager.swift */ = {isa = PBXFileReference; lastKnownFileType = sourcecode.swift; path = FontsManager.swift; sourceTree = "<group>"; };
		541A3EC42894774600DB1296 /* infoView.swift */ = {isa = PBXFileReference; lastKnownFileType = sourcecode.swift; path = infoView.swift; sourceTree = "<group>"; };
/* End PBXFileReference section */

/* Begin PBXFrameworksBuildPhase section */
		541A3EA42894432000DB1296 /* Frameworks */ = {
			isa = PBXFrameworksBuildPhase;
			buildActionMask = 2147483647;
			files = (
			);
			runOnlyForDeploymentPostprocessing = 0;
		};
/* End PBXFrameworksBuildPhase section */

/* Begin PBXGroup section */
		541A3E9E2894432000DB1296 = {
			isa = PBXGroup;
			children = (
				541A3EA92894432000DB1296 /* GuillermoCard */,
				541A3EA82894432000DB1296 /* Products */,
			);
			sourceTree = "<group>";
		};
		541A3EA82894432000DB1296 /* Products */ = {
			isa = PBXGroup;
			children = (
				541A3EA72894432000DB1296 /* GuillermoCard.app */,
			);
			name = Products;
			sourceTree = "<group>";
		};
		541A3EA92894432000DB1296 /* GuillermoCard */ = {
			isa = PBXGroup;
			children = (
				541A3EBD289450FE00DB1296 /* Info.plist */,
				541A3EB828944A1000DB1296 /* Fonts  */,
				541A3EAA2894432000DB1296 /* GuillermoCardApp.swift */,
				541A3EAC2894432000DB1296 /* ContentView.swift */,
				541A3EC42894774600DB1296 /* infoView.swift */,
				541A3EAE2894432100DB1296 /* Assets.xcassets */,
				541A3EB02894432100DB1296 /* Preview Content */,
			);
			path = GuillermoCard;
			sourceTree = "<group>";
		};
		541A3EB02894432100DB1296 /* Preview Content */ = {
			isa = PBXGroup;
			children = (
				541A3EB12894432100DB1296 /* Preview Assets.xcassets */,
			);
			path = "Preview Content";
			sourceTree = "<group>";
		};
		541A3EB828944A1000DB1296 /* Fonts  */ = {
			isa = PBXGroup;
			children = (
				541A3EBA28944A6200DB1296 /* Pacifico-Regular.ttf */,
				541A3EB928944A6200DB1296 /* OFL.txt */,
				541A3EBE2894529000DB1296 /* FontsManager.swift */,
			);
			path = "Fonts ";
			sourceTree = "<group>";
		};
/* End PBXGroup section */

/* Begin PBXNativeTarget section */
		541A3EA62894432000DB1296 /* GuillermoCard */ = {
			isa = PBXNativeTarget;
			buildConfigurationList = 541A3EB52894432100DB1296 /* Build configuration list for PBXNativeTarget "GuillermoCard" */;
			buildPhases = (
				541A3EA32894432000DB1296 /* Sources */,
				541A3EA42894432000DB1296 /* Frameworks */,
				541A3EA52894432000DB1296 /* Resources */,
			);
			buildRules = (
			);
			dependencies = (
			);
			name = GuillermoCard;
			productName = GuillermoCard;
			productReference = 541A3EA72894432000DB1296 /* GuillermoCard.app */;
			productType = "com.apple.product-type.application";
		};
/* End PBXNativeTarget section */

/* Begin PBXProject section */
		541A3E9F2894432000DB1296 /* Project object */ = {
			isa = PBXProject;
			attributes = {
				BuildIndependentTargetsInParallel = 1;
				LastSwiftUpdateCheck = 1340;
				LastUpgradeCheck = 1340;
				TargetAttributes = {
					541A3EA62894432000DB1296 = {
						CreatedOnToolsVersion = 13.4.1;
					};
				};
			};
			buildConfigurationList = 541A3EA22894432000DB1296 /* Build configuration list for PBXProject "GuillermoCard" */;
			compatibilityVersion = "Xcode 13.0";
			developmentRegion = en;
			hasScannedForEncodings = 0;
			knownRegions = (
				en,
				Base,
			);
			mainGroup = 541A3E9E2894432000DB1296;
			productRefGroup = 541A3EA82894432000DB1296 /* Products */;
			projectDirPath = "";
			projectRoot = "";
			targets = (
				541A3EA62894432000DB1296 /* GuillermoCard */,
			);
		};
/* End PBXProject section */

/* Begin PBXResourcesBuildPhase section */
		541A3EA52894432000DB1296 /* Resources */ = {
			isa = PBXResourcesBuildPhase;
			buildActionMask = 2147483647;
			files = (
				541A3EBB28944A6200DB1296 /* OFL.txt in Resources */,
				541A3EBC28944A6200DB1296 /* Pacifico-Regular.ttf in Resources */,
				541A3EB22894432100DB1296 /* Preview Assets.xcassets in Resources */,
				541A3EAF2894432100DB1296 /* Assets.xcassets in Resources */,
			);
			runOnlyForDeploymentPostprocessing = 0;
		};
/* End PBXResourcesBuildPhase section */

/* Begin PBXSourcesBuildPhase section */
		541A3EA32894432000DB1296 /* Sources */ = {
			isa = PBXSourcesBuildPhase;
			buildActionMask = 2147483647;
			files = (
				541A3EC52894774600DB1296 /* infoView.swift in Sources */,
				541A3EAD2894432000DB1296 /* ContentView.swift in Sources */,
				541A3EAB2894432000DB1296 /* GuillermoCardApp.swift in Sources */,
				541A3EBF2894529000DB1296 /* FontsManager.swift in Sources */,
			);
			runOnlyForDeploymentPostprocessing = 0;
		};
/* End PBXSourcesBuildPhase section */

/* Begin XCBuildConfiguration section */
		541A3EB32894432100DB1296 /* Debug */ = {
			isa = XCBuildConfiguration;
			buildSettings = {
				ALWAYS_SEARCH_USER_PATHS = NO;
				CLANG_ANALYZER_NONNULL = YES;
				CLANG_ANALYZER_NUMBER_OBJECT_CONVERSION = YES_AGGRESSIVE;
				CLANG_CXX_LANGUAGE_STANDARD = "gnu++17";
				CLANG_ENABLE_MODULES = YES;
				CLANG_ENABLE_OBJC_ARC = YES;
				CLANG_ENABLE_OBJC_WEAK = YES;
				CLANG_WARN_BLOCK_CAPTURE_AUTORELEASING = YES;
				CLANG_WARN_BOOL_CONVERSION = YES;
				CLANG_WARN_COMMA = YES;
				CLANG_WARN_CONSTANT_CONVERSION = YES;
				CLANG_WARN_DEPRECATED_OBJC_IMPLEMENTATIONS = YES;
				CLANG_WARN_DIRECT_OBJC_ISA_USAGE = YES_ERROR;
				CLANG_WARN_DOCUMENTATION_COMMENTS = YES;
				CLANG_WARN_EMPTY_BODY = YES;
				CLANG_WARN_ENUM_CONVERSION = YES;
				CLANG_WARN_INFINITE_RECURSION = YES;
				CLANG_WARN_INT_CONVERSION = YES;
				CLANG_WARN_NON_LITERAL_NULL_CONVERSION = YES;
				CLANG_WARN_OBJC_IMPLICIT_RETAIN_SELF = YES;
				CLANG_WARN_OBJC_LITERAL_CONVERSION = YES;
				CLANG_WARN_OBJC_ROOT_CLASS = YES_ERROR;
				CLANG_WARN_QUOTED_INCLUDE_IN_FRAMEWORK_HEADER = YES;
				CLANG_WARN_RANGE_LOOP_ANALYSIS = YES;
				CLANG_WARN_STRICT_PROTOTYPES = YES;
				CLANG_WARN_SUSPICIOUS_MOVE = YES;
				CLANG_WARN_UNGUARDED_AVAILABILITY = YES_AGGRESSIVE;
				CLANG_WARN_UNREACHABLE_CODE = YES;
				CLANG_WARN__DUPLICATE_METHOD_MATCH = YES;
				COPY_PHASE_STRIP = NO;
				DEBUG_INFORMATION_FORMAT = dwarf;
				ENABLE_STRICT_OBJC_MSGSEND = YES;
				ENABLE_TESTABILITY = YES;
				GCC_C_LANGUAGE_STANDARD = gnu11;
				GCC_DYNAMIC_NO_PIC = NO;
				GCC_NO_COMMON_BLOCKS = YES;
				GCC_OPTIMIZATION_LEVEL = 0;
				GCC_PREPROCESSOR_DEFINITIONS = (
					"DEBUG=1",
					"$(inherited)",
				);
				GCC_WARN_64_TO_32_BIT_CONVERSION = YES;
				GCC_WARN_ABOUT_RETURN_TYPE = YES_ERROR;
				GCC_WARN_UNDECLARED_SELECTOR = YES;
				GCC_WARN_UNINITIALIZED_AUTOS = YES_AGGRESSIVE;
				GCC_WARN_UNUSED_FUNCTION = YES;
				GCC_WARN_UNUSED_VARIABLE = YES;
				IPHONEOS_DEPLOYMENT_TARGET = 15.5;
				MTL_ENABLE_DEBUG_INFO = INCLUDE_SOURCE;
				MTL_FAST_MATH = YES;
				ONLY_ACTIVE_ARCH = YES;
				SDKROOT = iphoneos;
				SWIFT_ACTIVE_COMPILATION_CONDITIONS = DEBUG;
				SWIFT_OPTIMIZATION_LEVEL = "-Onone";
			};
			name = Debug;
		};
		541A3EB42894432100DB1296 /* Release */ = {
			isa = XCBuildConfiguration;
			buildSettings = {
				ALWAYS_SEARCH_USER_PATHS = NO;
				CLANG_ANALYZER_NONNULL = YES;
				CLANG_ANALYZER_NUMBER_OBJECT_CONVERSION = YES_AGGRESSIVE;
				CLANG_CXX_LANGUAGE_STANDARD = "gnu++17";
				CLANG_ENABLE_MODULES = YES;
				CLANG_ENABLE_OBJC_ARC = YES;
				CLANG_ENABLE_OBJC_WEAK = YES;
				CLANG_WARN_BLOCK_CAPTURE_AUTORELEASING = YES;
				CLANG_WARN_BOOL_CONVERSION = YES;
				CLANG_WARN_COMMA = YES;
				CLANG_WARN_CONSTANT_CONVERSION = YES;
				CLANG_WARN_DEPRECATED_OBJC_IMPLEMENTATIONS = YES;
				CLANG_WARN_DIRECT_OBJC_ISA_USAGE = YES_ERROR;
				CLANG_WARN_DOCUMENTATION_COMMENTS = YES;
				CLANG_WARN_EMPTY_BODY = YES;
				CLANG_WARN_ENUM_CONVERSION = YES;
				CLANG_WARN_INFINITE_RECURSION = YES;
				CLANG_WARN_INT_CONVERSION = YES;
				CLANG_WARN_NON_LITERAL_NULL_CONVERSION = YES;
				CLANG_WARN_OBJC_IMPLICIT_RETAIN_SELF = YES;
				CLANG_WARN_OBJC_LITERAL_CONVERSION = YES;
				CLANG_WARN_OBJC_ROOT_CLASS = YES_ERROR;
				CLANG_WARN_QUOTED_INCLUDE_IN_FRAMEWORK_HEADER = YES;
				CLANG_WARN_RANGE_LOOP_ANALYSIS = YES;
				CLANG_WARN_STRICT_PROTOTYPES = YES;
				CLANG_WARN_SUSPICIOUS_MOVE = YES;
				CLANG_WARN_UNGUARDED_AVAILABILITY = YES_AGGRESSIVE;
				CLANG_WARN_UNREACHABLE_CODE = YES;
				CLANG_WARN__DUPLICATE_METHOD_MATCH = YES;
				COPY_PHASE_STRIP = NO;
				DEBUG_INFORMATION_FORMAT = "dwarf-with-dsym";
				ENABLE_NS_ASSERTIONS = NO;
				ENABLE_STRICT_OBJC_MSGSEND = YES;
				GCC_C_LANGUAGE_STANDARD = gnu11;
				GCC_NO_COMMON_BLOCKS = YES;
				GCC_WARN_64_TO_32_BIT_CONVERSION = YES;
				GCC_WARN_ABOUT_RETURN_TYPE = YES_ERROR;
				GCC_WARN_UNDECLARED_SELECTOR = YES;
				GCC_WARN_UNINITIALIZED_AUTOS = YES_AGGRESSIVE;
				GCC_WARN_UNUSED_FUNCTION = YES;
				GCC_WARN_UNUSED_VARIABLE = YES;
				IPHONEOS_DEPLOYMENT_TARGET = 15.5;
				MTL_ENABLE_DEBUG_INFO = NO;
				MTL_FAST_MATH = YES;
				SDKROOT = iphoneos;
				SWIFT_COMPILATION_MODE = wholemodule;
				SWIFT_OPTIMIZATION_LEVEL = "-O";
				VALIDATE_PRODUCT = YES;
			};
			name = Release;
		};
		541A3EB62894432100DB1296 /* Debug */ = {
			isa = XCBuildConfiguration;
			buildSettings = {
				ASSETCATALOG_COMPILER_APPICON_NAME = AppIcon;
				ASSETCATALOG_COMPILER_GLOBAL_ACCENT_COLOR_NAME = AccentColor;
				CODE_SIGN_STYLE = Automatic;
				CURRENT_PROJECT_VERSION = 1;
				DEVELOPMENT_ASSET_PATHS = "\"GuillermoCard/Preview Content\"";
				DEVELOPMENT_TEAM = ZV39C2HC4G;
				ENABLE_PREVIEWS = YES;
				GENERATE_INFOPLIST_FILE = YES;
				INFOPLIST_FILE = GuillermoCard/Info.plist;
				INFOPLIST_KEY_UIApplicationSceneManifest_Generation = YES;
				INFOPLIST_KEY_UIApplicationSupportsIndirectInputEvents = YES;
				INFOPLIST_KEY_UILaunchScreen_Generation = YES;
				INFOPLIST_KEY_UISupportedInterfaceOrientations_iPad = "UIInterfaceOrientationPortrait UIInterfaceOrientationPortraitUpsideDown UIInterfaceOrientationLandscapeLeft UIInterfaceOrientationLandscapeRight";
				INFOPLIST_KEY_UISupportedInterfaceOrientations_iPhone = "UIInterfaceOrientationPortrait UIInterfaceOrientationLandscapeLeft UIInterfaceOrientationLandscapeRight";
				LD_RUNPATH_SEARCH_PATHS = (
					"$(inherited)",
					"@executable_path/Frameworks",
				);
				MARKETING_VERSION = 1.0;
				PRODUCT_BUNDLE_IDENTIFIER = com.guillemoruiz.GuillermoCard;
				PRODUCT_NAME = "$(TARGET_NAME)";
				SWIFT_EMIT_LOC_STRINGS = YES;
				SWIFT_VERSION = 5.0;
				TARGETED_DEVICE_FAMILY = "1,2";
			};
			name = Debug;
		};
		541A3EB72894432100DB1296 /* Release */ = {
			isa = XCBuildConfiguration;
			buildSettings = {
				ASSETCATALOG_COMPILER_APPICON_NAME = AppIcon;
				ASSETCATALOG_COMPILER_GLOBAL_ACCENT_COLOR_NAME = AccentColor;
				CODE_SIGN_STYLE = Automatic;
				CURRENT_PROJECT_VERSION = 1;
				DEVELOPMENT_ASSET_PATHS = "\"GuillermoCard/Preview Content\"";
				DEVELOPMENT_TEAM = ZV39C2HC4G;
				ENABLE_PREVIEWS = YES;
				GENERATE_INFOPLIST_FILE = YES;
				INFOPLIST_FILE = GuillermoCard/Info.plist;
				INFOPLIST_KEY_UIApplicationSceneManifest_Generation = YES;
				INFOPLIST_KEY_UIApplicationSupportsIndirectInputEvents = YES;
				INFOPLIST_KEY_UILaunchScreen_Generation = YES;
				INFOPLIST_KEY_UISupportedInterfaceOrientations_iPad = "UIInterfaceOrientationPortrait UIInterfaceOrientationPortraitUpsideDown UIInterfaceOrientationLandscapeLeft UIInterfaceOrientationLandscapeRight";
				INFOPLIST_KEY_UISupportedInterfaceOrientations_iPhone = "UIInterfaceOrientationPortrait UIInterfaceOrientationLandscapeLeft UIInterfaceOrientationLandscapeRight";
				LD_RUNPATH_SEARCH_PATHS = (
					"$(inherited)",
					"@executable_path/Frameworks",
				);
				MARKETING_VERSION = 1.0;
				PRODUCT_BUNDLE_IDENTIFIER = com.guillemoruiz.GuillermoCard;
				PRODUCT_NAME = "$(TARGET_NAME)";
				SWIFT_EMIT_LOC_STRINGS = YES;
				SWIFT_VERSION = 5.0;
				TARGETED_DEVICE_FAMILY = "1,2";
			};
			name = Release;
		};
/* End XCBuildConfiguration section */

/* Begin XCConfigurationList section */
		541A3EA22894432000DB1296 /* Build configuration list for PBXProject "GuillermoCard" */ = {
			isa = XCConfigurationList;
			buildConfigurations = (
				541A3EB32894432100DB1296 /* Debug */,
				541A3EB42894432100DB1296 /* Release */,
			);
			defaultConfigurationIsVisible = 0;
			defaultConfigurationName = Release;
		};
		541A3EB52894432100DB1296 /* Build configuration list for PBXNativeTarget "GuillermoCard" */ = {
			isa = XCConfigurationList;
			buildConfigurations = (
				541A3EB62894432100DB1296 /* Debug */,
				541A3EB72894432100DB1296 /* Release */,
			);
			defaultConfigurationIsVisible = 0;
			defaultConfigurationName = Release;
		};
/* End XCConfigurationList section */
	};
	rootObject = 541A3E9F2894432000DB1296 /* Project object */;
}
